
Microsoft Visual Studio Solution File, Format Version 12.00
# Visual Studio Version 17
VisualStudioVersion = 17.5.33516.290
MinimumVisualStudioVersion = 10.0.40219.1
Project("{FAE04EC0-301F-11D3-BF4B-00C04F79EFBC}") = "AWS.CloudWatch.Serilog.Example", "AWS.CloudWatch.Serilog.Example\AWS.CloudWatch.Serilog.Example.csproj", "{6746C46D-C33E-4DEE-A148-CE6F908C9896}"
EndProject
Global
	GlobalSection(SolutionConfigurationPlatforms) = preSolution
		Debug|Any CPU = Debug|Any CPU
		Release|Any CPU = Release|Any CPU
	EndGlobalSection
	GlobalSection(ProjectConfigurationPlatforms) = postSolution
		{6746C46D-C33E-4DEE-A148-CE6F908C9896}.Debug|Any CPU.ActiveCfg = Debug|Any CPU
		{6746C46D-C33E-4DEE-A148-CE6F908C9896}.Debug|Any CPU.Build.0 = Debug|Any CPU
		{6746C46D-C33E-4DEE-A148-CE6F908C9896}.Release|Any CPU.ActiveCfg = Release|Any CPU
		{6746C46D-C33E-4DEE-A148-CE6F908C9896}.Release|Any CPU.Build.0 = Release|Any CPU
	EndGlobalSection
	GlobalSection(SolutionProperties) = preSolution
		HideSolutionNode = FALSE
	EndGlobalSection
	GlobalSection(ExtensibilityGlobals) = postSolution
		SolutionGuid = {03FD9B1C-1EDF-4E7B-9E88-4E7D7A89ABE4}
	EndGlobalSection
EndGlobal
